
Microsoft Visual Studio Solution File, Format Version 12.00
Project("{2150E333-8FDC-42A3-9474-1A3956D46DE8}") = "Source", "Source", "{DB7E4B71-2FF9-4EDA-9B56-BE2E80F8FE32}"
EndProject
Project("{2150E333-8FDC-42A3-9474-1A3956D46DE8}") = "Documentation", "Documentation", "{5D48BD83-6E89-47DE-AC93-C4A2619DD457}"
EndProject
Project("{2150E333-8FDC-42A3-9474-1A3956D46DE8}") = "Tests", "Tests", "{FAAE1604-B28B-4EA1-9328-ACD3C4AB3A26}"
EndProject
Project("{FAE04EC0-301F-11D3-BF4B-00C04F79EFBC}") = "SIE.Core", "sources\SIE.Core\SIE.Core.csproj", "{F80A72CC-9B1F-4ABA-ABFE-2F5A9B257E41}"
EndProject
Global
	GlobalSection(SolutionConfigurationPlatforms) = preSolution
		Debug|Any CPU = Debug|Any CPU
		Release|Any CPU = Release|Any CPU
	EndGlobalSection
	GlobalSection(NestedProjects) = preSolution
		{F80A72CC-9B1F-4ABA-ABFE-2F5A9B257E41} = {DB7E4B71-2FF9-4EDA-9B56-BE2E80F8FE32}
	EndGlobalSection
	GlobalSection(ProjectConfigurationPlatforms) = postSolution
		{F80A72CC-9B1F-4ABA-ABFE-2F5A9B257E41}.Debug|Any CPU.ActiveCfg = Debug|Any CPU
		{F80A72CC-9B1F-4ABA-ABFE-2F5A9B257E41}.Debug|Any CPU.Build.0 = Debug|Any CPU
		{F80A72CC-9B1F-4ABA-ABFE-2F5A9B257E41}.Release|Any CPU.ActiveCfg = Release|Any CPU
		{F80A72CC-9B1F-4ABA-ABFE-2F5A9B257E41}.Release|Any CPU.Build.0 = Release|Any CPU
	EndGlobalSection
EndGlobal
